// !$*UTF8*$!
{
	archiveVersion = 1;
	classes = {
	};
	objectVersion = 77;
	objects = {

/* Begin PBXBuildFile section */
		B14B94B72F76684F005722E8 /* .swiftlint.yml in Resources */ = {isa = PBXBuildFile; fileRef = B14B94B62F76684F005722E8 /* .swiftlint.yml */; };
		B14B95982F76BAF7005722E8 /* CommonUI in Frameworks */ = {isa = PBXBuildFile; productRef = B14B95972F76BAF7005722E8 /* CommonUI */; };
		B2A9FB372ECCD15500318510 /* VoximplantCalls in Frameworks */ = {isa = PBXBuildFile; productRef = B268E5382E95405300C97B6E /* VoximplantCalls */; };
		B2A9FB382ECCD15500318510 /* VoximplantCore in Frameworks */ = {isa = PBXBuildFile; productRef = B268E53A2E95405300C97B6E /* VoximplantCore */; };
/* End PBXBuildFile section */

/* Begin PBXFileReference section */
		B14B94B62F76684F005722E8 /* .swiftlint.yml */ = {isa = PBXFileReference; lastKnownFileType = text.yaml; name = .swiftlint.yml; path = ../.swiftlint.yml; sourceTree = SOURCE_ROOT; };
		B14B96042F7ACB26005722E8 /* audio-call-kit.entitlements */ = {isa = PBXFileReference; lastKnownFileType = text.plist.entitlements; path = "audio-call-kit.entitlements"; sourceTree = "<group>"; };
		B1C1C36C2E902C7B00147E3E /* audio-call-kit.app */ = {isa = PBXFileReference; explicitFileType = wrapper.application; includeInIndex = 0; path = "audio-call-kit.app"; sourceTree = BUILT_PRODUCTS_DIR; };
/* End PBXFileReference section */

/* Begin PBXFileSystemSynchronizedBuildFileExceptionSet section */
		B14B94E72F766867005722E8 /* Exceptions for "Models" folder in "audio-call-kit" target */ = {
			isa = PBXFileSystemSynchronizedBuildFileExceptionSet;
			membershipExceptions = (
				AudioDevice.swift,
				AudioDeviceError.swift,
				CallData.swift,
				CallError.swift,
				CallState.swift,
				CallWrapper.swift,
				LoginError.swift,
				VoximplantPush.swift,
			);
			target = B1C1C36B2E902C7B00147E3E /* audio-call-kit */;
		};
		B14B94E82F766867005722E8 /* Exceptions for "Resources" folder in "audio-call-kit" target */ = {
			isa = PBXFileSystemSynchronizedBuildFileExceptionSet;
			membershipExceptions = (
				Assets.xcassets,
				"noisecollector-beam.aiff",
			);
			target = B1C1C36B2E902C7B00147E3E /* audio-call-kit */;
		};
		B14B94E92F766867005722E8 /* Exceptions for "ViewModels" folder in "audio-call-kit" target */ = {
			isa = PBXFileSystemSynchronizedBuildFileExceptionSet;
			membershipExceptions = (
				AudioDevicesViewModel.swift,
				CallViewModel.swift,
				LoginViewModel.swift,
			);
			target = B1C1C36B2E902C7B00147E3E /* audio-call-kit */;
		};
		B14B94EA2F766867005722E8 /* Exceptions for "Views" folder in "audio-call-kit" target */ = {
			isa = PBXFileSystemSynchronizedBuildFileExceptionSet;
			membershipExceptions = (
				ActiveCallView.swift,
				AudioCallApp.swift,
				LoginView.swift,
				StartCallView.swift,
			);
			target = B1C1C36B2E902C7B00147E3E /* audio-call-kit */;
		};
		B14B960B2F7BEAB0005722E8 /* Exceptions for "Services" folder in "audio-call-kit" target */ = {
			isa = PBXFileSystemSynchronizedBuildFileExceptionSet;
			membershipExceptions = (
				LoginService.swift,
				PushCallNotifier.swift,
				PushService.swift,
			);
			target = B1C1C36B2E902C7B00147E3E /* audio-call-kit */;
		};
		B14B96162F7E430C005722E8 /* Exceptions for "Extensions" folder in "audio-call-kit" target */ = {
			isa = PBXFileSystemSynchronizedBuildFileExceptionSet;
			membershipExceptions = (
				"CXCallUpdate+Extension.swift",
				"CXProvider+Extension.swift",
				"Equatable+Extension.swift",
				"RangeReplaceableCollection+Extension.swift",
			);
			target = B1C1C36B2E902C7B00147E3E /* audio-call-kit */;
		};
/* End PBXFileSystemSynchronizedBuildFileExceptionSet section */

/* Begin PBXFileSystemSynchronizedRootGroup section */
		B14B94BE2F766867005722E8 /* Models */ = {
			isa = PBXFileSystemSynchronizedRootGroup;
			exceptions = (
				B14B94E72F766867005722E8 /* Exceptions for "Models" folder in "audio-call-kit" target */,
			);
			path = Models;
			sourceTree = "<group>";
		};
		B14B94C22F766867005722E8 /* Resources */ = {
			isa = PBXFileSystemSynchronizedRootGroup;
			exceptions = (
				B14B94E82F766867005722E8 /* Exceptions for "Resources" folder in "audio-call-kit" target */,
			);
			path = Resources;
			sourceTree = "<group>";
		};
		B14B94CE2F766867005722E8 /* ViewModels */ = {
			isa = PBXFileSystemSynchronizedRootGroup;
			exceptions = (
				B14B94E92F766867005722E8 /* Exceptions for "ViewModels" folder in "audio-call-kit" target */,
			);
			path = ViewModels;
			sourceTree = "<group>";
		};
		B14B94D32F766867005722E8 /* Views */ = {
			isa = PBXFileSystemSynchronizedRootGroup;
			exceptions = (
				B14B94EA2F766867005722E8 /* Exceptions for "Views" folder in "audio-call-kit" target */,
			);
			path = Views;
			sourceTree = "<group>";
		};
		B14B96082F7BEA71005722E8 /* Services */ = {
			isa = PBXFileSystemSynchronizedRootGroup;
			exceptions = (
				B14B960B2F7BEAB0005722E8 /* Exceptions for "Services" folder in "audio-call-kit" target */,
			);
			path = Services;
			sourceTree = "<group>";
		};
		B14B96152F7E4305005722E8 /* Extensions */ = {
			isa = PBXFileSystemSynchronizedRootGroup;
			exceptions = (
				B14B96162F7E430C005722E8 /* Exceptions for "Extensions" folder in "audio-call-kit" target */,
			);
			path = Extensions;
			sourceTree = "<group>";
		};
/* End PBXFileSystemSynchronizedRootGroup section */

/* Begin PBXFrameworksBuildPhase section */
		B1C1C3692E902C7B00147E3E /* Frameworks */ = {
			isa = PBXFrameworksBuildPhase;
			buildActionMask = 2147483647;
			files = (
				B14B95982F76BAF7005722E8 /* CommonUI in Frameworks */,
				B2A9FB382ECCD15500318510 /* VoximplantCore in Frameworks */,
				B2A9FB372ECCD15500318510 /* VoximplantCalls in Frameworks */,
			);
			runOnlyForDeploymentPostprocessing = 0;
		};
/* End PBXFrameworksBuildPhase section */

/* Begin PBXGroup section */
		B1C1C3632E902C7B00147E3E = {
			isa = PBXGroup;
			children = (
				B14B96042F7ACB26005722E8 /* audio-call-kit.entitlements */,
				B14B94B62F76684F005722E8 /* .swiftlint.yml */,
				B14B96152F7E4305005722E8 /* Extensions */,
				B14B96082F7BEA71005722E8 /* Services */,
				B14B94BE2F766867005722E8 /* Models */,
				B14B94C22F766867005722E8 /* Resources */,
				B14B94CE2F766867005722E8 /* ViewModels */,
				B14B94D32F766867005722E8 /* Views */,
				B1C1C36D2E902C7B00147E3E /* Products */,
			);
			sourceTree = "<group>";
		};
		B1C1C36D2E902C7B00147E3E /* Products */ = {
			isa = PBXGroup;
			children = (
				B1C1C36C2E902C7B00147E3E /* audio-call-kit.app */,
			);
			name = Products;
			sourceTree = "<group>";
		};
/* End PBXGroup section */

/* Begin PBXNativeTarget section */
		B1C1C36B2E902C7B00147E3E /* audio-call-kit */ = {
			isa = PBXNativeTarget;
			buildConfigurationList = B1C1C3772E902C8000147E3E /* Build configuration list for PBXNativeTarget "audio-call-kit" */;
			buildPhases = (
				B1C1C3682E902C7B00147E3E /* Sources */,
				B1C1C3692E902C7B00147E3E /* Frameworks */,
				B1C1C36A2E902C7B00147E3E /* Resources */,
			);
			buildRules = (
			);
			dependencies = (
				B14B959B2F76CCFB005722E8 /* PBXTargetDependency */,
			);
			name = "audio-call-kit";
			packageProductDependencies = (
				B268E5382E95405300C97B6E /* VoximplantCalls */,
				B268E53A2E95405300C97B6E /* VoximplantCore */,
				B14B95972F76BAF7005722E8 /* CommonUI */,
			);
			productName = "audio-call-kit";
			productReference = B1C1C36C2E902C7B00147E3E /* audio-call-kit.app */;
			productType = "com.apple.product-type.application";
		};
/* End PBXNativeTarget section */

/* Begin PBXProject section */
		B1C1C3642E902C7B00147E3E /* Project object */ = {
			isa = PBXProject;
			attributes = {
				BuildIndependentTargetsInParallel = 1;
				LastSwiftUpdateCheck = 1640;
				LastUpgradeCheck = 1640;
				TargetAttributes = {
					B1C1C36B2E902C7B00147E3E = {
						CreatedOnToolsVersion = 16.4;
					};
				};
			};
			buildConfigurationList = B1C1C3672E902C7B00147E3E /* Build configuration list for PBXProject "audio-call-kit" */;
			developmentRegion = en;
			hasScannedForEncodings = 0;
			knownRegions = (
				en,
				Base,
			);
			mainGroup = B1C1C3632E902C7B00147E3E;
			minimizedProjectReferenceProxies = 1;
			packageReferences = (
				B268E5372E95405300C97B6E /* XCRemoteSwiftPackageReference "ios-sdk-releases" */,
				B14B95962F76BAF7005722E8 /* XCLocalSwiftPackageReference "../Shared" */,
				B14B95992F76CCD6005722E8 /* XCRemoteSwiftPackageReference "SwiftLintPlugins" */,
			);
			preferredProjectObjectVersion = 77;
			productRefGroup = B1C1C36D2E902C7B00147E3E /* Products */;
			projectDirPath = "";
			projectRoot = "";
			targets = (
				B1C1C36B2E902C7B00147E3E /* audio-call-kit */,
			);
		};
/* End PBXProject section */

/* Begin PBXResourcesBuildPhase section */
		B1C1C36A2E902C7B00147E3E /* Resources */ = {
			isa = PBXResourcesBuildPhase;
			buildActionMask = 2147483647;
			files = (
				B14B94B72F76684F005722E8 /* .swiftlint.yml in Resources */,
			);
			runOnlyForDeploymentPostprocessing = 0;
		};
/* End PBXResourcesBuildPhase section */

/* Begin PBXSourcesBuildPhase section */
		B1C1C3682E902C7B00147E3E /* Sources */ = {
			isa = PBXSourcesBuildPhase;
			buildActionMask = 2147483647;
			files = (
			);
			runOnlyForDeploymentPostprocessing = 0;
		};
/* End PBXSourcesBuildPhase section */

/* Begin PBXTargetDependency section */
		B14B959B2F76CCFB005722E8 /* PBXTargetDependency */ = {
			isa = PBXTargetDependency;
			productRef = B14B959A2F76CCFB005722E8 /* SwiftLintBuildToolPlugin */;
		};
/* End PBXTargetDependency section */

/* Begin XCBuildConfiguration section */
		B1C1C3752E902C8000147E3E /* Debug */ = {
			isa = XCBuildConfiguration;
			buildSettings = {
				ALWAYS_SEARCH_USER_PATHS = NO;
				ASSETCATALOG_COMPILER_GENERATE_SWIFT_ASSET_SYMBOL_EXTENSIONS = YES;
				CLANG_ANALYZER_NONNULL = YES;
				CLANG_ANALYZER_NUMBER_OBJECT_CONVERSION = YES_AGGRESSIVE;
				CLANG_CXX_LANGUAGE_STANDARD = "gnu++20";
				CLANG_ENABLE_MODULES = YES;
				CLANG_ENABLE_OBJC_ARC = YES;
				CLANG_ENABLE_OBJC_WEAK = YES;
				CLANG_WARN_BLOCK_CAPTURE_AUTORELEASING = YES;
				CLANG_WARN_BOOL_CONVERSION = YES;
				CLANG_WARN_COMMA = YES;
				CLANG_WARN_CONSTANT_CONVERSION = YES;
				CLANG_WARN_DEPRECATED_OBJC_IMPLEMENTATIONS = YES;
				CLANG_WARN_DIRECT_OBJC_ISA_USAGE = YES_ERROR;
				CLANG_WARN_DOCUMENTATION_COMMENTS = YES;
				CLANG_WARN_EMPTY_BODY = YES;
				CLANG_WARN_ENUM_CONVERSION = YES;
				CLANG_WARN_INFINITE_RECURSION = YES;
				CLANG_WARN_INT_CONVERSION = YES;
				CLANG_WARN_NON_LITERAL_NULL_CONVERSION = YES;
				CLANG_WARN_OBJC_IMPLICIT_RETAIN_SELF = YES;
				CLANG_WARN_OBJC_LITERAL_CONVERSION = YES;
				CLANG_WARN_OBJC_ROOT_CLASS = YES_ERROR;
				CLANG_WARN_QUOTED_INCLUDE_IN_FRAMEWORK_HEADER = YES;
				CLANG_WARN_RANGE_LOOP_ANALYSIS = YES;
				CLANG_WARN_STRICT_PROTOTYPES = YES;
				CLANG_WARN_SUSPICIOUS_MOVE = YES;
				CLANG_WARN_UNGUARDED_AVAILABILITY = YES_AGGRESSIVE;
				CLANG_WARN_UNREACHABLE_CODE = YES;
				CLANG_WARN__DUPLICATE_METHOD_MATCH = YES;
				COPY_PHASE_STRIP = NO;
				DEBUG_INFORMATION_FORMAT = dwarf;
				DEVELOPMENT_TEAM = W9BHJBL635;
				ENABLE_STRICT_OBJC_MSGSEND = YES;
				ENABLE_TESTABILITY = YES;
				ENABLE_USER_SCRIPT_SANDBOXING = YES;
				GCC_C_LANGUAGE_STANDARD = gnu17;
				GCC_DYNAMIC_NO_PIC = NO;
				GCC_NO_COMMON_BLOCKS = YES;
				GCC_OPTIMIZATION_LEVEL = 0;
				GCC_PREPROCESSOR_DEFINITIONS = (
					"DEBUG=1",
					"$(inherited)",
				);
				GCC_WARN_64_TO_32_BIT_CONVERSION = YES;
				GCC_WARN_ABOUT_RETURN_TYPE = YES_ERROR;
				GCC_WARN_UNDECLARED_SELECTOR = YES;
				GCC_WARN_UNINITIALIZED_AUTOS = YES_AGGRESSIVE;
				GCC_WARN_UNUSED_FUNCTION = YES;
				GCC_WARN_UNUSED_VARIABLE = YES;
				IPHONEOS_DEPLOYMENT_TARGET = 18.5;
				LOCALIZATION_PREFERS_STRING_CATALOGS = YES;
				MTL_ENABLE_DEBUG_INFO = INCLUDE_SOURCE;
				MTL_FAST_MATH = YES;
				ONLY_ACTIVE_ARCH = YES;
				SDKROOT = iphoneos;
				SWIFT_ACTIVE_COMPILATION_CONDITIONS = "DEBUG $(inherited)";
				SWIFT_OPTIMIZATION_LEVEL = "-Onone";
			};
			name = Debug;
		};
		B1C1C3762E902C8000147E3E /* Release */ = {
			isa = XCBuildConfiguration;
			buildSettings = {
				ALWAYS_SEARCH_USER_PATHS = NO;
				ASSETCATALOG_COMPILER_GENERATE_SWIFT_ASSET_SYMBOL_EXTENSIONS = YES;
				CLANG_ANALYZER_NONNULL = YES;
				CLANG_ANALYZER_NUMBER_OBJECT_CONVERSION = YES_AGGRESSIVE;
				CLANG_CXX_LANGUAGE_STANDARD = "gnu++20";
				CLANG_ENABLE_MODULES = YES;
				CLANG_ENABLE_OBJC_ARC = YES;
				CLANG_ENABLE_OBJC_WEAK = YES;
				CLANG_WARN_BLOCK_CAPTURE_AUTORELEASING = YES;
				CLANG_WARN_BOOL_CONVERSION = YES;
				CLANG_WARN_COMMA = YES;
				CLANG_WARN_CONSTANT_CONVERSION = YES;
				CLANG_WARN_DEPRECATED_OBJC_IMPLEMENTATIONS = YES;
				CLANG_WARN_DIRECT_OBJC_ISA_USAGE = YES_ERROR;
				CLANG_WARN_DOCUMENTATION_COMMENTS = YES;
				CLANG_WARN_EMPTY_BODY = YES;
				CLANG_WARN_ENUM_CONVERSION = YES;
				CLANG_WARN_INFINITE_RECURSION = YES;
				CLANG_WARN_INT_CONVERSION = YES;
				CLANG_WARN_NON_LITERAL_NULL_CONVERSION = YES;
				CLANG_WARN_OBJC_IMPLICIT_RETAIN_SELF = YES;
				CLANG_WARN_OBJC_LITERAL_CONVERSION = YES;
				CLANG_WARN_OBJC_ROOT_CLASS = YES_ERROR;
				CLANG_WARN_QUOTED_INCLUDE_IN_FRAMEWORK_HEADER = YES;
				CLANG_WARN_RANGE_LOOP_ANALYSIS = YES;
				CLANG_WARN_STRICT_PROTOTYPES = YES;
				CLANG_WARN_SUSPICIOUS_MOVE = YES;
				CLANG_WARN_UNGUARDED_AVAILABILITY = YES_AGGRESSIVE;
				CLANG_WARN_UNREACHABLE_CODE = YES;
				CLANG_WARN__DUPLICATE_METHOD_MATCH = YES;
				COPY_PHASE_STRIP = NO;
				DEBUG_INFORMATION_FORMAT = "dwarf-with-dsym";
				DEVELOPMENT_TEAM = W9BHJBL635;
				ENABLE_NS_ASSERTIONS = NO;
				ENABLE_STRICT_OBJC_MSGSEND = YES;
				ENABLE_USER_SCRIPT_SANDBOXING = YES;
				GCC_C_LANGUAGE_STANDARD = gnu17;
				GCC_NO_COMMON_BLOCKS = YES;
				GCC_WARN_64_TO_32_BIT_CONVERSION = YES;
				GCC_WARN_ABOUT_RETURN_TYPE = YES_ERROR;
				GCC_WARN_UNDECLARED_SELECTOR = YES;
				GCC_WARN_UNINITIALIZED_AUTOS = YES_AGGRESSIVE;
				GCC_WARN_UNUSED_FUNCTION = YES;
				GCC_WARN_UNUSED_VARIABLE = YES;
				IPHONEOS_DEPLOYMENT_TARGET = 18.5;
				LOCALIZATION_PREFERS_STRING_CATALOGS = YES;
				MTL_ENABLE_DEBUG_INFO = NO;
				MTL_FAST_MATH = YES;
				SDKROOT = iphoneos;
				SWIFT_COMPILATION_MODE = wholemodule;
				VALIDATE_PRODUCT = YES;
			};
			name = Release;
		};
		B1C1C3782E902C8000147E3E /* Debug */ = {
			isa = XCBuildConfiguration;
			buildSettings = {
				ASSETCATALOG_COMPILER_APPICON_NAME = AppIcon;
				ASSETCATALOG_COMPILER_GLOBAL_ACCENT_COLOR_NAME = AccentColor;
				CODE_SIGN_ENTITLEMENTS = "audio-call-kit.entitlements";
				CODE_SIGN_STYLE = Automatic;
				CURRENT_PROJECT_VERSION = 1;
				DEVELOPMENT_TEAM = W9BHJBL635;
				ENABLE_PREVIEWS = YES;
				GENERATE_INFOPLIST_FILE = YES;
				INFOPLIST_FILE = Resources/Info.plist;
				INFOPLIST_KEY_CFBundleDisplayName = "Audio Call Kit";
				INFOPLIST_KEY_ITSAppUsesNonExemptEncryption = NO;
				INFOPLIST_KEY_LSApplicationCategoryType = "public.app-category.social-networking";
				INFOPLIST_KEY_NSCameraUsageDescription = "Access to the camera is necessary for video calls and enhanced communication features";
				INFOPLIST_KEY_NSMicrophoneUsageDescription = "Access to the microphone is necessary in order to make and receive audio calls";
				INFOPLIST_KEY_UIApplicationSceneManifest_Generation = YES;
				INFOPLIST_KEY_UIApplicationSupportsIndirectInputEvents = YES;
				INFOPLIST_KEY_UILaunchScreen_Generation = YES;
				INFOPLIST_KEY_UIRequiresFullScreen = YES;
				INFOPLIST_KEY_UISupportedInterfaceOrientations = UIInterfaceOrientationPortrait;
				INFOPLIST_KEY_UIUserInterfaceStyle = Light;
				IPHONEOS_DEPLOYMENT_TARGET = 16.0;
				LD_RUNPATH_SEARCH_PATHS = (
					"$(inherited)",
					"@executable_path/Frameworks",
				);
				MARKETING_VERSION = 1.1.1;
				PRODUCT_BUNDLE_IDENTIFIER = com.voximplant.demos.v3.audiocallkit;
				PRODUCT_NAME = "$(TARGET_NAME)";
				SUPPORTED_PLATFORMS = "iphoneos iphonesimulator";
				SUPPORTS_MACCATALYST = NO;
				SUPPORTS_MAC_DESIGNED_FOR_IPHONE_IPAD = NO;
				SUPPORTS_XR_DESIGNED_FOR_IPHONE_IPAD = NO;
				SWIFT_EMIT_LOC_STRINGS = YES;
				SWIFT_VERSION = 5.0;
				TARGETED_DEVICE_FAMILY = "1,2";
			};
			name = Debug;
		};
		B1C1C3792E902C8000147E3E /* Release */ = {
			isa = XCBuildConfiguration;
			buildSettings = {
				ASSETCATALOG_COMPILER_APPICON_NAME = AppIcon;
				ASSETCATALOG_COMPILER_GLOBAL_ACCENT_COLOR_NAME = AccentColor;
				CODE_SIGN_ENTITLEMENTS = "audio-call-kit.entitlements";
				CODE_SIGN_STYLE = Automatic;
				CURRENT_PROJECT_VERSION = 1;
				DEVELOPMENT_TEAM = W9BHJBL635;
				ENABLE_PREVIEWS = YES;
				GENERATE_INFOPLIST_FILE = YES;
				INFOPLIST_FILE = Resources/Info.plist;
				INFOPLIST_KEY_CFBundleDisplayName = "Audio Call Kit";
				INFOPLIST_KEY_ITSAppUsesNonExemptEncryption = NO;
				INFOPLIST_KEY_LSApplicationCategoryType = "public.app-category.social-networking";
				INFOPLIST_KEY_NSCameraUsageDescription = "Access to the camera is necessary for video calls and enhanced communication features";
				INFOPLIST_KEY_NSMicrophoneUsageDescription = "Access to the microphone is necessary in order to make and receive audio calls";
				INFOPLIST_KEY_UIApplicationSceneManifest_Generation = YES;
				INFOPLIST_KEY_UIApplicationSupportsIndirectInputEvents = YES;
				INFOPLIST_KEY_UILaunchScreen_Generation = YES;
				INFOPLIST_KEY_UIRequiresFullScreen = YES;
				INFOPLIST_KEY_UISupportedInterfaceOrientations = UIInterfaceOrientationPortrait;
				INFOPLIST_KEY_UIUserInterfaceStyle = Light;
				IPHONEOS_DEPLOYMENT_TARGET = 16.0;
				LD_RUNPATH_SEARCH_PATHS = (
					"$(inherited)",
					"@executable_path/Frameworks",
				);
				MARKETING_VERSION = 1.1.1;
				PRODUCT_BUNDLE_IDENTIFIER = com.voximplant.demos.v3.audiocallkit;
				PRODUCT_NAME = "$(TARGET_NAME)";
				SUPPORTED_PLATFORMS = "iphoneos iphonesimulator";
				SUPPORTS_MACCATALYST = NO;
				SUPPORTS_MAC_DESIGNED_FOR_IPHONE_IPAD = NO;
				SUPPORTS_XR_DESIGNED_FOR_IPHONE_IPAD = NO;
				SWIFT_EMIT_LOC_STRINGS = YES;
				SWIFT_VERSION = 5.0;
				TARGETED_DEVICE_FAMILY = "1,2";
			};
			name = Release;
		};
/* End XCBuildConfiguration section */

/* Begin XCConfigurationList section */
		B1C1C3672E902C7B00147E3E /* Build configuration list for PBXProject "audio-call-kit" */ = {
			isa = XCConfigurationList;
			buildConfigurations = (
				B1C1C3752E902C8000147E3E /* Debug */,
				B1C1C3762E902C8000147E3E /* Release */,
			);
			defaultConfigurationIsVisible = 0;
			defaultConfigurationName = Release;
		};
		B1C1C3772E902C8000147E3E /* Build configuration list for PBXNativeTarget "audio-call-kit" */ = {
			isa = XCConfigurationList;
			buildConfigurations = (
				B1C1C3782E902C8000147E3E /* Debug */,
				B1C1C3792E902C8000147E3E /* Release */,
			);
			defaultConfigurationIsVisible = 0;
			defaultConfigurationName = Release;
		};
/* End XCConfigurationList section */

/* Begin XCLocalSwiftPackageReference section */
		B14B95962F76BAF7005722E8 /* XCLocalSwiftPackageReference "../Shared" */ = {
			isa = XCLocalSwiftPackageReference;
			relativePath = ../Shared;
		};
/* End XCLocalSwiftPackageReference section */

/* Begin XCRemoteSwiftPackageReference section */
		B14B95992F76CCD6005722E8 /* XCRemoteSwiftPackageReference "SwiftLintPlugins" */ = {
			isa = XCRemoteSwiftPackageReference;
			repositoryURL = "https://github.com/SimplyDanny/SwiftLintPlugins";
			requirement = {
				kind = exactVersion;
				version = 0.63.2;
			};
		};
		B268E5372E95405300C97B6E /* XCRemoteSwiftPackageReference "ios-sdk-releases" */ = {
			isa = XCRemoteSwiftPackageReference;
			repositoryURL = "https://github.com/voximplant/ios-sdk-releases";
			requirement = {
				kind = upToNextMinorVersion;
				minimumVersion = 3.3.0;
			};
		};
/* End XCRemoteSwiftPackageReference section */

/* Begin XCSwiftPackageProductDependency section */
		B14B95972F76BAF7005722E8 /* CommonUI */ = {
			isa = XCSwiftPackageProductDependency;
			productName = CommonUI;
		};
		B14B959A2F76CCFB005722E8 /* SwiftLintBuildToolPlugin */ = {
			isa = XCSwiftPackageProductDependency;
			package = B14B95992F76CCD6005722E8 /* XCRemoteSwiftPackageReference "SwiftLintPlugins" */;
			productName = "plugin:SwiftLintBuildToolPlugin";
		};
		B268E5382E95405300C97B6E /* VoximplantCalls */ = {
			isa = XCSwiftPackageProductDependency;
			package = B268E5372E95405300C97B6E /* XCRemoteSwiftPackageReference "ios-sdk-releases" */;
			productName = VoximplantCalls;
		};
		B268E53A2E95405300C97B6E /* VoximplantCore */ = {
			isa = XCSwiftPackageProductDependency;
			package = B268E5372E95405300C97B6E /* XCRemoteSwiftPackageReference "ios-sdk-releases" */;
			productName = VoximplantCore;
		};
/* End XCSwiftPackageProductDependency section */
	};
	rootObject = B1C1C3642E902C7B00147E3E /* Project object */;
}
